
Microsoft Visual Studio Solution File, Format Version 12.00
# Visual Studio Version 16
VisualStudioVersion = 16.0.31402.337
MinimumVisualStudioVersion = 10.0.40219.1
Project("{FAE04EC0-301F-11D3-BF4B-00C04F79EFBC}") = "Chasavoy", "NetworkTrayGraph\Chasavoy.csproj", "{AFF326FC-0E28-455A-B589-5E36E9AFE5D7}"
EndProject
Global
	GlobalSection(SolutionConfigurationPlatforms) = preSolution
		Debug|Any CPU = Debug|Any CPU
		Release|Any CPU = Release|Any CPU
	EndGlobalSection
	GlobalSection(ProjectConfigurationPlatforms) = postSolution
		{AFF326FC-0E28-455A-B589-5E36E9AFE5D7}.Debug|Any CPU.ActiveCfg = Debug|Any CPU
		{AFF326FC-0E28-455A-B589-5E36E9AFE5D7}.Debug|Any CPU.Build.0 = Debug|Any CPU
		{AFF326FC-0E28-455A-B589-5E36E9AFE5D7}.Release|Any CPU.ActiveCfg = Release|Any CPU
		{AFF326FC-0E28-455A-B589-5E36E9AFE5D7}.Release|Any CPU.Build.0 = Release|Any CPU
	EndGlobalSection
	GlobalSection(SolutionProperties) = preSolution
		HideSolutionNode = FALSE
	EndGlobalSection
	GlobalSection(ExtensibilityGlobals) = postSolution
		SolutionGuid = {E87053CC-37A6-40EB-A5E2-6D60405E4F72}
	EndGlobalSection
EndGlobal
